// !$*UTF8*$!
{
	archiveVersion = 1;
	classes = {
	};
	objectVersion = 77;
	objects = {

/* Begin PBXContainerItemProxy section */
		989CBB022E918E3C00786D94 /* PBXContainerItemProxy */ = {
			isa = PBXContainerItemProxy;
			containerPortal = 989CBAE92E918E3A00786D94 /* Project object */;
			proxyType = 1;
			remoteGlobalIDString = 989CBAF02E918E3A00786D94;
			remoteInfo = VideoFeedApp;
		};
		989CBB0C2E918E3C00786D94 /* PBXContainerItemProxy */ = {
			isa = PBXContainerItemProxy;
			containerPortal = 989CBAE92E918E3A00786D94 /* Project object */;
			proxyType = 1;
			remoteGlobalIDString = 989CBAF02E918E3A00786D94;
			remoteInfo = VideoFeedApp;
		};
/* End PBXContainerItemProxy section */

/* Begin PBXFileReference section */
		989CBAF12E918E3A00786D94 /* VideoFeedApp.app */ = {isa = PBXFileReference; explicitFileType = wrapper.application; includeInIndex = 0; path = VideoFeedApp.app; sourceTree = BUILT_PRODUCTS_DIR; };
		989CBB012E918E3C00786D94 /* VideoFeedAppTests.xctest */ = {isa = PBXFileReference; explicitFileType = wrapper.cfbundle; includeInIndex = 0; path = VideoFeedAppTests.xctest; sourceTree = BUILT_PRODUCTS_DIR; };
		989CBB0B2E918E3C00786D94 /* VideoFeedAppUITests.xctest */ = {isa = PBXFileReference; explicitFileType = wrapper.cfbundle; includeInIndex = 0; path = VideoFeedAppUITests.xctest; sourceTree = BUILT_PRODUCTS_DIR; };
/* End PBXFileReference section */

/* Begin PBXFileSystemSynchronizedBuildFileExceptionSet section */
		989CBB462E9350A000786D94 /* Exceptions for "VideoFeedApp" folder in "VideoFeedApp" target */ = {
			isa = PBXFileSystemSynchronizedBuildFileExceptionSet;
			membershipExceptions = (
				Info.plist,
			);
			target = 989CBAF02E918E3A00786D94 /* VideoFeedApp */;
		};
/* End PBXFileSystemSynchronizedBuildFileExceptionSet section */

/* Begin PBXFileSystemSynchronizedRootGroup section */
		989CBAF32E918E3A00786D94 /* VideoFeedApp */ = {
			isa = PBXFileSystemSynchronizedRootGroup;
			exceptions = (
				989CBB462E9350A000786D94 /* Exceptions for "VideoFeedApp" folder in "VideoFeedApp" target */,
			);
			path = VideoFeedApp;
			sourceTree = "<group>";
		};
		989CBB042E918E3C00786D94 /* VideoFeedAppTests */ = {
			isa = PBXFileSystemSynchronizedRootGroup;
			path = VideoFeedAppTests;
			sourceTree = "<group>";
		};
		989CBB0E2E918E3C00786D94 /* VideoFeedAppUITests */ = {
			isa = PBXFileSystemSynchronizedRootGroup;
			path = VideoFeedAppUITests;
			sourceTree = "<group>";
		};
/* End PBXFileSystemSynchronizedRootGroup section */

/* Begin PBXFrameworksBuildPhase section */
		989CBAEE2E918E3A00786D94 /* Frameworks */ = {
			isa = PBXFrameworksBuildPhase;
			buildActionMask = 2147483647;
			files = (
			);
			runOnlyForDeploymentPostprocessing = 0;
		};
		989CBAFE2E918E3C00786D94 /* Frameworks */ = {
			isa = PBXFrameworksBuildPhase;
			buildActionMask = 2147483647;
			files = (
			);
			runOnlyForDeploymentPostprocessing = 0;
		};
		989CBB082E918E3C00786D94 /* Frameworks */ = {
			isa = PBXFrameworksBuildPhase;
			buildActionMask = 2147483647;
			files = (
			);
			runOnlyForDeploymentPostprocessing = 0;
		};
/* End PBXFrameworksBuildPhase section */

/* Begin PBXGroup section */
		989CBAE82E918E3A00786D94 = {
			isa = PBXGroup;
			children = (
				989CBAF32E918E3A00786D94 /* VideoFeedApp */,
				989CBB042E918E3C00786D94 /* VideoFeedAppTests */,
				989CBB0E2E918E3C00786D94 /* VideoFeedAppUITests */,
				989CBAF22E918E3A00786D94 /* Products */,
			);
			sourceTree = "<group>";
		};
		989CBAF22E918E3A00786D94 /* Products */ = {
			isa = PBXGroup;
			children = (
				989CBAF12E918E3A00786D94 /* VideoFeedApp.app */,
				989CBB012E918E3C00786D94 /* VideoFeedAppTests.xctest */,
				989CBB0B2E918E3C00786D94 /* VideoFeedAppUITests.xctest */,
			);
			name = Products;
			sourceTree = "<group>";
		};
/* End PBXGroup section */

/* Begin PBXNativeTarget section */
		989CBAF02E918E3A00786D94 /* VideoFeedApp */ = {
			isa = PBXNativeTarget;
			buildConfigurationList = 989CBB152E918E3C00786D94 /* Build configuration list for PBXNativeTarget "VideoFeedApp" */;
			buildPhases = (
				989CBAED2E918E3A00786D94 /* Sources */,
				989CBAEE2E918E3A00786D94 /* Frameworks */,
				989CBAEF2E918E3A00786D94 /* Resources */,
			);
			buildRules = (
			);
			dependencies = (
			);
			fileSystemSynchronizedGroups = (
				989CBAF32E918E3A00786D94 /* VideoFeedApp */,
			);
			name = VideoFeedApp;
			packageProductDependencies = (
			);
			productName = VideoFeedApp;
			productReference = 989CBAF12E918E3A00786D94 /* VideoFeedApp.app */;
			productType = "com.apple.product-type.application";
		};
		989CBB002E918E3C00786D94 /* VideoFeedAppTests */ = {
			isa = PBXNativeTarget;
			buildConfigurationList = 989CBB182E918E3C00786D94 /* Build configuration list for PBXNativeTarget "VideoFeedAppTests" */;
			buildPhases = (
				989CBAFD2E918E3C00786D94 /* Sources */,
				989CBAFE2E918E3C00786D94 /* Frameworks */,
				989CBAFF2E918E3C00786D94 /* Resources */,
			);
			buildRules = (
			);
			dependencies = (
				989CBB032E918E3C00786D94 /* PBXTargetDependency */,
			);
			fileSystemSynchronizedGroups = (
				989CBB042E918E3C00786D94 /* VideoFeedAppTests */,
			);
			name = VideoFeedAppTests;
			packageProductDependencies = (
			);
			productName = VideoFeedAppTests;
			productReference = 989CBB012E918E3C00786D94 /* VideoFeedAppTests.xctest */;
			productType = "com.apple.product-type.bundle.unit-test";
		};
		989CBB0A2E918E3C00786D94 /* VideoFeedAppUITests */ = {
			isa = PBXNativeTarget;
			buildConfigurationList = 989CBB1B2E918E3C00786D94 /* Build configuration list for PBXNativeTarget "VideoFeedAppUITests" */;
			buildPhases = (
				989CBB072E918E3C00786D94 /* Sources */,
				989CBB082E918E3C00786D94 /* Frameworks */,
				989CBB092E918E3C00786D94 /* Resources */,
			);
			buildRules = (
			);
			dependencies = (
				989CBB0D2E918E3C00786D94 /* PBXTargetDependency */,
			);
			fileSystemSynchronizedGroups = (
				989CBB0E2E918E3C00786D94 /* VideoFeedAppUITests */,
			);
			name = VideoFeedAppUITests;
			packageProductDependencies = (
			);
			productName = VideoFeedAppUITests;
			productReference = 989CBB0B2E918E3C00786D94 /* VideoFeedAppUITests.xctest */;
			productType = "com.apple.product-type.bundle.ui-testing";
		};
/* End PBXNativeTarget section */

/* Begin PBXProject section */
		989CBAE92E918E3A00786D94 /* Project object */ = {
			isa = PBXProject;
			attributes = {
				BuildIndependentTargetsInParallel = 1;
				LastSwiftUpdateCheck = 1620;
				LastUpgradeCheck = 1620;
				TargetAttributes = {
					989CBAF02E918E3A00786D94 = {
						CreatedOnToolsVersion = 16.2;
					};
					989CBB002E918E3C00786D94 = {
						CreatedOnToolsVersion = 16.2;
						TestTargetID = 989CBAF02E918E3A00786D94;
					};
					989CBB0A2E918E3C00786D94 = {
						CreatedOnToolsVersion = 16.2;
						TestTargetID = 989CBAF02E918E3A00786D94;
					};
				};
			};
			buildConfigurationList = 989CBAEC2E918E3A00786D94 /* Build configuration list for PBXProject "VideoFeedApp" */;
			developmentRegion = en;
			hasScannedForEncodings = 0;
			knownRegions = (
				en,
				Base,
			);
			mainGroup = 989CBAE82E918E3A00786D94;
			minimizedProjectReferenceProxies = 1;
			preferredProjectObjectVersion = 77;
			productRefGroup = 989CBAF22E918E3A00786D94 /* Products */;
			projectDirPath = "";
			projectRoot = "";
			targets = (
				989CBAF02E918E3A00786D94 /* VideoFeedApp */,
				989CBB002E918E3C00786D94 /* VideoFeedAppTests */,
				989CBB0A2E918E3C00786D94 /* VideoFeedAppUITests */,
			);
		};
/* End PBXProject section */

/* Begin PBXResourcesBuildPhase section */
		989CBAEF2E918E3A00786D94 /* Resources */ = {
			isa = PBXResourcesBuildPhase;
			buildActionMask = 2147483647;
			files = (
			);
			runOnlyForDeploymentPostprocessing = 0;
		};
		989CBAFF2E918E3C00786D94 /* Resources */ = {
			isa = PBXResourcesBuildPhase;
			buildActionMask = 2147483647;
			files = (
			);
			runOnlyForDeploymentPostprocessing = 0;
		};
		989CBB092E918E3C00786D94 /* Resources */ = {
			isa = PBXResourcesBuildPhase;
			buildActionMask = 2147483647;
			files = (
			);
			runOnlyForDeploymentPostprocessing = 0;
		};
/* End PBXResourcesBuildPhase section */

/* Begin PBXSourcesBuildPhase section */
		989CBAED2E918E3A00786D94 /* Sources */ = {
			isa = PBXSourcesBuildPhase;
			buildActionMask = 2147483647;
			files = (
			);
			runOnlyForDeploymentPostprocessing = 0;
		};
		989CBAFD2E918E3C00786D94 /* Sources */ = {
			isa = PBXSourcesBuildPhase;
			buildActionMask = 2147483647;
			files = (
			);
			runOnlyForDeploymentPostprocessing = 0;
		};
		989CBB072E918E3C00786D94 /* Sources */ = {
			isa = PBXSourcesBuildPhase;
			buildActionMask = 2147483647;
			files = (
			);
			runOnlyForDeploymentPostprocessing = 0;
		};
/* End PBXSourcesBuildPhase section */

/* Begin PBXTargetDependency section */
		989CBB032E918E3C00786D94 /* PBXTargetDependency */ = {
			isa = PBXTargetDependency;
			target = 989CBAF02E918E3A00786D94 /* VideoFeedApp */;
			targetProxy = 989CBB022E918E3C00786D94 /* PBXContainerItemProxy */;
		};
		989CBB0D2E918E3C00786D94 /* PBXTargetDependency */ = {
			isa = PBXTargetDependency;
			target = 989CBAF02E918E3A00786D94 /* VideoFeedApp */;
			targetProxy = 989CBB0C2E918E3C00786D94 /* PBXContainerItemProxy */;
		};
/* End PBXTargetDependency section */

/* Begin XCBuildConfiguration section */
		989CBB132E918E3C00786D94 /* Debug */ = {
			isa = XCBuildConfiguration;
			buildSettings = {
				ALWAYS_SEARCH_USER_PATHS = NO;
				ASSETCATALOG_COMPILER_GENERATE_SWIFT_ASSET_SYMBOL_EXTENSIONS = YES;
				CLANG_ANALYZER_NONNULL = YES;
				CLANG_ANALYZER_NUMBER_OBJECT_CONVERSION = YES_AGGRESSIVE;
				CLANG_CXX_LANGUAGE_STANDARD = "gnu++20";
				CLANG_ENABLE_MODULES = YES;
				CLANG_ENABLE_OBJC_ARC = YES;
				CLANG_ENABLE_OBJC_WEAK = YES;
				CLANG_WARN_BLOCK_CAPTURE_AUTORELEASING = YES;
				CLANG_WARN_BOOL_CONVERSION = YES;
				CLANG_WARN_COMMA = YES;
				CLANG_WARN_CONSTANT_CONVERSION = YES;
				CLANG_WARN_DEPRECATED_OBJC_IMPLEMENTATIONS = YES;
				CLANG_WARN_DIRECT_OBJC_ISA_USAGE = YES_ERROR;
				CLANG_WARN_DOCUMENTATION_COMMENTS = YES;
				CLANG_WARN_EMPTY_BODY = YES;
				CLANG_WARN_ENUM_CONVERSION = YES;
				CLANG_WARN_INFINITE_RECURSION = YES;
				CLANG_WARN_INT_CONVERSION = YES;
				CLANG_WARN_NON_LITERAL_NULL_CONVERSION = YES;
				CLANG_WARN_OBJC_IMPLICIT_RETAIN_SELF = YES;
				CLANG_WARN_OBJC_LITERAL_CONVERSION = YES;
				CLANG_WARN_OBJC_ROOT_CLASS = YES_ERROR;
				CLANG_WARN_QUOTED_INCLUDE_IN_FRAMEWORK_HEADER = YES;
				CLANG_WARN_RANGE_LOOP_ANALYSIS = YES;
				CLANG_WARN_STRICT_PROTOTYPES = YES;
				CLANG_WARN_SUSPICIOUS_MOVE = YES;
				CLANG_WARN_UNGUARDED_AVAILABILITY = YES_AGGRESSIVE;
				CLANG_WARN_UNREACHABLE_CODE = YES;
				CLANG_WARN__DUPLICATE_METHOD_MATCH = YES;
				COPY_PHASE_STRIP = NO;
				DEBUG_INFORMATION_FORMAT = dwarf;
				ENABLE_STRICT_OBJC_MSGSEND = YES;
				ENABLE_TESTABILITY = YES;
				ENABLE_USER_SCRIPT_SANDBOXING = YES;
				GCC_C_LANGUAGE_STANDARD = gnu17;
				GCC_DYNAMIC_NO_PIC = NO;
				GCC_NO_COMMON_BLOCKS = YES;
				GCC_OPTIMIZATION_LEVEL = 0;
				GCC_PREPROCESSOR_DEFINITIONS = (
					"DEBUG=1",
					"$(inherited)",
				);
				GCC_WARN_64_TO_32_BIT_CONVERSION = YES;
				GCC_WARN_ABOUT_RETURN_TYPE = YES_ERROR;
				GCC_WARN_UNDECLARED_SELECTOR = YES;
				GCC_WARN_UNINITIALIZED_AUTOS = YES_AGGRESSIVE;
				GCC_WARN_UNUSED_FUNCTION = YES;
				GCC_WARN_UNUSED_VARIABLE = YES;
				IPHONEOS_DEPLOYMENT_TARGET = 18.2;
				LOCALIZATION_PREFERS_STRING_CATALOGS = YES;
				MTL_ENABLE_DEBUG_INFO = INCLUDE_SOURCE;
				MTL_FAST_MATH = YES;
				ONLY_ACTIVE_ARCH = YES;
				SDKROOT = iphoneos;
				SWIFT_ACTIVE_COMPILATION_CONDITIONS = "DEBUG $(inherited)";
				SWIFT_OPTIMIZATION_LEVEL = "-Onone";
			};
			name = Debug;
		};
		989CBB142E918E3C00786D94 /* Release */ = {
			isa = XCBuildConfiguration;
			buildSettings = {
				ALWAYS_SEARCH_USER_PATHS = NO;
				ASSETCATALOG_COMPILER_GENERATE_SWIFT_ASSET_SYMBOL_EXTENSIONS = YES;
				CLANG_ANALYZER_NONNULL = YES;
				CLANG_ANALYZER_NUMBER_OBJECT_CONVERSION = YES_AGGRESSIVE;
				CLANG_CXX_LANGUAGE_STANDARD = "gnu++20";
				CLANG_ENABLE_MODULES = YES;
				CLANG_ENABLE_OBJC_ARC = YES;
				CLANG_ENABLE_OBJC_WEAK = YES;
				CLANG_WARN_BLOCK_CAPTURE_AUTORELEASING = YES;
				CLANG_WARN_BOOL_CONVERSION = YES;
				CLANG_WARN_COMMA = YES;
				CLANG_WARN_CONSTANT_CONVERSION = YES;
				CLANG_WARN_DEPRECATED_OBJC_IMPLEMENTATIONS = YES;
				CLANG_WARN_DIRECT_OBJC_ISA_USAGE = YES_ERROR;
				CLANG_WARN_DOCUMENTATION_COMMENTS = YES;
				CLANG_WARN_EMPTY_BODY = YES;
				CLANG_WARN_ENUM_CONVERSION = YES;
				CLANG_WARN_INFINITE_RECURSION = YES;
				CLANG_WARN_INT_CONVERSION = YES;
				CLANG_WARN_NON_LITERAL_NULL_CONVERSION = YES;
				CLANG_WARN_OBJC_IMPLICIT_RETAIN_SELF = YES;
				CLANG_WARN_OBJC_LITERAL_CONVERSION = YES;
				CLANG_WARN_OBJC_ROOT_CLASS = YES_ERROR;
				CLANG_WARN_QUOTED_INCLUDE_IN_FRAMEWORK_HEADER = YES;
				CLANG_WARN_RANGE_LOOP_ANALYSIS = YES;
				CLANG_WARN_STRICT_PROTOTYPES = YES;
				CLANG_WARN_SUSPICIOUS_MOVE = YES;
				CLANG_WARN_UNGUARDED_AVAILABILITY = YES_AGGRESSIVE;
				CLANG_WARN_UNREACHABLE_CODE = YES;
				CLANG_WARN__DUPLICATE_METHOD_MATCH = YES;
				COPY_PHASE_STRIP = NO;
				DEBUG_INFORMATION_FORMAT = "dwarf-with-dsym";
				ENABLE_NS_ASSERTIONS = NO;
				ENABLE_STRICT_OBJC_MSGSEND = YES;
				ENABLE_USER_SCRIPT_SANDBOXING = YES;
				GCC_C_LANGUAGE_STANDARD = gnu17;
				GCC_NO_COMMON_BLOCKS = YES;
				GCC_WARN_64_TO_32_BIT_CONVERSION = YES;
				GCC_WARN_ABOUT_RETURN_TYPE = YES_ERROR;
				GCC_WARN_UNDECLARED_SELECTOR = YES;
				GCC_WARN_UNINITIALIZED_AUTOS = YES_AGGRESSIVE;
				GCC_WARN_UNUSED_FUNCTION = YES;
				GCC_WARN_UNUSED_VARIABLE = YES;
				IPHONEOS_DEPLOYMENT_TARGET = 18.2;
				LOCALIZATION_PREFERS_STRING_CATALOGS = YES;
				MTL_ENABLE_DEBUG_INFO = NO;
				MTL_FAST_MATH = YES;
				SDKROOT = iphoneos;
				SWIFT_COMPILATION_MODE = wholemodule;
				VALIDATE_PRODUCT = YES;
			};
			name = Release;
		};
		989CBB162E918E3C00786D94 /* Debug */ = {
			isa = XCBuildConfiguration;
			buildSettings = {
				ASSETCATALOG_COMPILER_APPICON_NAME = AppIcon;
				ASSETCATALOG_COMPILER_GLOBAL_ACCENT_COLOR_NAME = AccentColor;
				CODE_SIGN_STYLE = Automatic;
				CURRENT_PROJECT_VERSION = 1;
				DEVELOPMENT_ASSET_PATHS = "\"VideoFeedApp/Preview Content\"";
				ENABLE_PREVIEWS = YES;
				GENERATE_INFOPLIST_FILE = YES;
				INFOPLIST_FILE = VideoFeedApp/Info.plist;
				INFOPLIST_KEY_CFBundleDisplayName = "";
				INFOPLIST_KEY_UIApplicationSceneManifest_Generation = YES;
				INFOPLIST_KEY_UIApplicationSupportsIndirectInputEvents = YES;
				INFOPLIST_KEY_UISupportedInterfaceOrientations_iPad = "UIInterfaceOrientationPortrait UIInterfaceOrientationPortraitUpsideDown UIInterfaceOrientationLandscapeLeft UIInterfaceOrientationLandscapeRight";
				INFOPLIST_KEY_UISupportedInterfaceOrientations_iPhone = "UIInterfaceOrientationPortrait UIInterfaceOrientationLandscapeLeft UIInterfaceOrientationLandscapeRight";
				LD_RUNPATH_SEARCH_PATHS = (
					"$(inherited)",
					"@executable_path/Frameworks",
				);
				MARKETING_VERSION = 1.0;
				PRODUCT_BUNDLE_IDENTIFIER = com.sheeba.VideoFeedApp;
				PRODUCT_NAME = "$(TARGET_NAME)";
				SWIFT_EMIT_LOC_STRINGS = YES;
				SWIFT_VERSION = 5.0;
				TARGETED_DEVICE_FAMILY = "1,2";
			};
			name = Debug;
		};
		989CBB172E918E3C00786D94 /* Release */ = {
			isa = XCBuildConfiguration;
			buildSettings = {
				ASSETCATALOG_COMPILER_APPICON_NAME = AppIcon;
				ASSETCATALOG_COMPILER_GLOBAL_ACCENT_COLOR_NAME = AccentColor;
				CODE_SIGN_STYLE = Automatic;
				CURRENT_PROJECT_VERSION = 1;
				DEVELOPMENT_ASSET_PATHS = "\"VideoFeedApp/Preview Content\"";
				ENABLE_PREVIEWS = YES;
				GENERATE_INFOPLIST_FILE = YES;
				INFOPLIST_FILE = VideoFeedApp/Info.plist;
				INFOPLIST_KEY_CFBundleDisplayName = "";
				INFOPLIST_KEY_UIApplicationSceneManifest_Generation = YES;
				INFOPLIST_KEY_UIApplicationSupportsIndirectInputEvents = YES;
				INFOPLIST_KEY_UISupportedInterfaceOrientations_iPad = "UIInterfaceOrientationPortrait UIInterfaceOrientationPortraitUpsideDown UIInterfaceOrientationLandscapeLeft UIInterfaceOrientationLandscapeRight";
				INFOPLIST_KEY_UISupportedInterfaceOrientations_iPhone = "UIInterfaceOrientationPortrait UIInterfaceOrientationLandscapeLeft UIInterfaceOrientationLandscapeRight";
				LD_RUNPATH_SEARCH_PATHS = (
					"$(inherited)",
					"@executable_path/Frameworks",
				);
				MARKETING_VERSION = 1.0;
				PRODUCT_BUNDLE_IDENTIFIER = com.sheeba.VideoFeedApp;
				PRODUCT_NAME = "$(TARGET_NAME)";
				SWIFT_EMIT_LOC_STRINGS = YES;
				SWIFT_VERSION = 5.0;
				TARGETED_DEVICE_FAMILY = "1,2";
			};
			name = Release;
		};
		989CBB192E918E3C00786D94 /* Debug */ = {
			isa = XCBuildConfiguration;
			buildSettings = {
				BUNDLE_LOADER = "$(TEST_HOST)";
				CODE_SIGN_STYLE = Automatic;
				CURRENT_PROJECT_VERSION = 1;
				GENERATE_INFOPLIST_FILE = YES;
				IPHONEOS_DEPLOYMENT_TARGET = 18.2;
				MARKETING_VERSION = 1.0;
				PRODUCT_BUNDLE_IDENTIFIER = com.sheeba.VideoFeedAppTests;
				PRODUCT_NAME = "$(TARGET_NAME)";
				SWIFT_EMIT_LOC_STRINGS = NO;
				SWIFT_VERSION = 5.0;
				TARGETED_DEVICE_FAMILY = "1,2";
				TEST_HOST = "$(BUILT_PRODUCTS_DIR)/VideoFeedApp.app/$(BUNDLE_EXECUTABLE_FOLDER_PATH)/VideoFeedApp";
			};
			name = Debug;
		};
		989CBB1A2E918E3C00786D94 /* Release */ = {
			isa = XCBuildConfiguration;
			buildSettings = {
				BUNDLE_LOADER = "$(TEST_HOST)";
				CODE_SIGN_STYLE = Automatic;
				CURRENT_PROJECT_VERSION = 1;
				GENERATE_INFOPLIST_FILE = YES;
				IPHONEOS_DEPLOYMENT_TARGET = 18.2;
				MARKETING_VERSION = 1.0;
				PRODUCT_BUNDLE_IDENTIFIER = com.sheeba.VideoFeedAppTests;
				PRODUCT_NAME = "$(TARGET_NAME)";
				SWIFT_EMIT_LOC_STRINGS = NO;
				SWIFT_VERSION = 5.0;
				TARGETED_DEVICE_FAMILY = "1,2";
				TEST_HOST = "$(BUILT_PRODUCTS_DIR)/VideoFeedApp.app/$(BUNDLE_EXECUTABLE_FOLDER_PATH)/VideoFeedApp";
			};
			name = Release;
		};
		989CBB1C2E918E3C00786D94 /* Debug */ = {
			isa = XCBuildConfiguration;
			buildSettings = {
				CODE_SIGN_STYLE = Automatic;
				CURRENT_PROJECT_VERSION = 1;
				GENERATE_INFOPLIST_FILE = YES;
				MARKETING_VERSION = 1.0;
				PRODUCT_BUNDLE_IDENTIFIER = com.sheeba.VideoFeedAppUITests;
				PRODUCT_NAME = "$(TARGET_NAME)";
				SWIFT_EMIT_LOC_STRINGS = NO;
				SWIFT_VERSION = 5.0;
				TARGETED_DEVICE_FAMILY = "1,2";
				TEST_TARGET_NAME = VideoFeedApp;
			};
			name = Debug;
		};
		989CBB1D2E918E3C00786D94 /* Release */ = {
			isa = XCBuildConfiguration;
			buildSettings = {
				CODE_SIGN_STYLE = Automatic;
				CURRENT_PROJECT_VERSION = 1;
				GENERATE_INFOPLIST_FILE = YES;
				MARKETING_VERSION = 1.0;
				PRODUCT_BUNDLE_IDENTIFIER = com.sheeba.VideoFeedAppUITests;
				PRODUCT_NAME = "$(TARGET_NAME)";
				SWIFT_EMIT_LOC_STRINGS = NO;
				SWIFT_VERSION = 5.0;
				TARGETED_DEVICE_FAMILY = "1,2";
				TEST_TARGET_NAME = VideoFeedApp;
			};
			name = Release;
		};
/* End XCBuildConfiguration section */

/* Begin XCConfigurationList section */
		989CBAEC2E918E3A00786D94 /* Build configuration list for PBXProject "VideoFeedApp" */ = {
			isa = XCConfigurationList;
			buildConfigurations = (
				989CBB132E918E3C00786D94 /* Debug */,
				989CBB142E918E3C00786D94 /* Release */,
			);
			defaultConfigurationIsVisible = 0;
			defaultConfigurationName = Release;
		};
		989CBB152E918E3C00786D94 /* Build configuration list for PBXNativeTarget "VideoFeedApp" */ = {
			isa = XCConfigurationList;
			buildConfigurations = (
				989CBB162E918E3C00786D94 /* Debug */,
				989CBB172E918E3C00786D94 /* Release */,
			);
			defaultConfigurationIsVisible = 0;
			defaultConfigurationName = Release;
		};
		989CBB182E918E3C00786D94 /* Build configuration list for PBXNativeTarget "VideoFeedAppTests" */ = {
			isa = XCConfigurationList;
			buildConfigurations = (
				989CBB192E918E3C00786D94 /* Debug */,
				989CBB1A2E918E3C00786D94 /* Release */,
			);
			defaultConfigurationIsVisible = 0;
			defaultConfigurationName = Release;
		};
		989CBB1B2E918E3C00786D94 /* Build configuration list for PBXNativeTarget "VideoFeedAppUITests" */ = {
			isa = XCConfigurationList;
			buildConfigurations = (
				989CBB1C2E918E3C00786D94 /* Debug */,
				989CBB1D2E918E3C00786D94 /* Release */,
			);
			defaultConfigurationIsVisible = 0;
			defaultConfigurationName = Release;
		};
/* End XCConfigurationList section */
	};
	rootObject = 989CBAE92E918E3A00786D94 /* Project object */;
}
